// !$*UTF8*$!
{
	archiveVersion = 1;
	classes = {
	};
	objectVersion = 50;
	objects = {

/* Begin PBXBuildFile section */
		905993DC261EAE6D001D09D8 /* AppDelegate.swift in Sources */ = {isa = PBXBuildFile; fileRef = 905993DB261EAE6D001D09D8 /* AppDelegate.swift */; };
		905993DE261EAE6D001D09D8 /* SceneDelegate.swift in Sources */ = {isa = PBXBuildFile; fileRef = 905993DD261EAE6D001D09D8 /* SceneDelegate.swift */; };
		905993E0261EAE6D001D09D8 /* ContentView.swift in Sources */ = {isa = PBXBuildFile; fileRef = 905993DF261EAE6D001D09D8 /* ContentView.swift */; };
		905993E2261EAE70001D09D8 /* Assets.xcassets in Resources */ = {isa = PBXBuildFile; fileRef = 905993E1261EAE70001D09D8 /* Assets.xcassets */; };
		905993E5261EAE70001D09D8 /* Preview Assets.xcassets in Resources */ = {isa = PBXBuildFile; fileRef = 905993E4261EAE70001D09D8 /* Preview Assets.xcassets */; };
		905993E8261EAE70001D09D8 /* LaunchScreen.storyboard in Resources */ = {isa = PBXBuildFile; fileRef = 905993E6261EAE70001D09D8 /* LaunchScreen.storyboard */; };
		905993F4261EAFD4001D09D8 /* Hero.swift in Sources */ = {isa = PBXBuildFile; fileRef = 905993F3261EAFD4001D09D8 /* Hero.swift */; };
		905993F7261EAFEF001D09D8 /* DummyHeroes.swift in Sources */ = {isa = PBXBuildFile; fileRef = 905993F6261EAFEF001D09D8 /* DummyHeroes.swift */; };
		90AB55A1261EB6B70077A500 /* HeroList.swift in Sources */ = {isa = PBXBuildFile; fileRef = 90AB55A0261EB6B70077A500 /* HeroList.swift */; };
		90AB55A7261EB8750077A500 /* HeroRow.swift in Sources */ = {isa = PBXBuildFile; fileRef = 90AB55A6261EB8750077A500 /* HeroRow.swift */; };
		90AB55AA261EBA7B0077A500 /* HeroDetail.swift in Sources */ = {isa = PBXBuildFile; fileRef = 90AB55A9261EBA7B0077A500 /* HeroDetail.swift */; };
		90AB55B0261EE13D0077A500 /* About.swift in Sources */ = {isa = PBXBuildFile; fileRef = 90AB55AF261EE13D0077A500 /* About.swift */; };
/* End PBXBuildFile section */

/* Begin PBXFileReference section */
		905993D8261EAE6D001D09D8 /* MyHero.app */ = {isa = PBXFileReference; explicitFileType = wrapper.application; includeInIndex = 0; path = MyHero.app; sourceTree = BUILT_PRODUCTS_DIR; };
		905993DB261EAE6D001D09D8 /* AppDelegate.swift */ = {isa = PBXFileReference; lastKnownFileType = sourcecode.swift; path = AppDelegate.swift; sourceTree = "<group>"; };
		905993DD261EAE6D001D09D8 /* SceneDelegate.swift */ = {isa = PBXFileReference; lastKnownFileType = sourcecode.swift; path = SceneDelegate.swift; sourceTree = "<group>"; };
		905993DF261EAE6D001D09D8 /* ContentView.swift */ = {isa = PBXFileReference; lastKnownFileType = sourcecode.swift; path = ContentView.swift; sourceTree = "<group>"; };
		905993E1261EAE70001D09D8 /* Assets.xcassets */ = {isa = PBXFileReference; lastKnownFileType = folder.assetcatalog; path = Assets.xcassets; sourceTree = "<group>"; };
		905993E4261EAE70001D09D8 /* Preview Assets.xcassets */ = {isa = PBXFileReference; lastKnownFileType = folder.assetcatalog; path = "Preview Assets.xcassets"; sourceTree = "<group>"; };
		905993E7261EAE70001D09D8 /* Base */ = {isa = PBXFileReference; lastKnownFileType = file.storyboard; name = Base; path = Base.lproj/LaunchScreen.storyboard; sourceTree = "<group>"; };
		905993E9261EAE70001D09D8 /* Info.plist */ = {isa = PBXFileReference; lastKnownFileType = text.plist.xml; path = Info.plist; sourceTree = "<group>"; };
		905993F3261EAFD4001D09D8 /* Hero.swift */ = {isa = PBXFileReference; lastKnownFileType = sourcecode.swift; path = Hero.swift; sourceTree = "<group>"; };
		905993F6261EAFEF001D09D8 /* DummyHeroes.swift */ = {isa = PBXFileReference; lastKnownFileType = sourcecode.swift; path = DummyHeroes.swift; sourceTree = "<group>"; };
		90AB55A0261EB6B70077A500 /* HeroList.swift */ = {isa = PBXFileReference; lastKnownFileType = sourcecode.swift; path = HeroList.swift; sourceTree = "<group>"; };
		90AB55A6261EB8750077A500 /* HeroRow.swift */ = {isa = PBXFileReference; lastKnownFileType = sourcecode.swift; path = HeroRow.swift; sourceTree = "<group>"; };
		90AB55A9261EBA7B0077A500 /* HeroDetail.swift */ = {isa = PBXFileReference; lastKnownFileType = sourcecode.swift; path = HeroDetail.swift; sourceTree = "<group>"; };
		90AB55AF261EE13D0077A500 /* About.swift */ = {isa = PBXFileReference; lastKnownFileType = sourcecode.swift; path = About.swift; sourceTree = "<group>"; };
/* End PBXFileReference section */

/* Begin PBXFrameworksBuildPhase section */
		905993D5261EAE6D001D09D8 /* Frameworks */ = {
			isa = PBXFrameworksBuildPhase;
			buildActionMask = 2147483647;
			files = (
			);
			runOnlyForDeploymentPostprocessing = 0;
		};
/* End PBXFrameworksBuildPhase section */

/* Begin PBXGroup section */
		905993CF261EAE6D001D09D8 = {
			isa = PBXGroup;
			children = (
				905993DA261EAE6D001D09D8 /* MyHero */,
				905993D9261EAE6D001D09D8 /* Products */,
			);
			sourceTree = "<group>";
		};
		905993D9261EAE6D001D09D8 /* Products */ = {
			isa = PBXGroup;
			children = (
				905993D8261EAE6D001D09D8 /* MyHero.app */,
			);
			name = Products;
			sourceTree = "<group>";
		};
		905993DA261EAE6D001D09D8 /* MyHero */ = {
			isa = PBXGroup;
			children = (
				905993F2261EAFBB001D09D8 /* View */,
				905993F1261EAFAC001D09D8 /* Model */,
				905993F0261EAF5B001D09D8 /* Base */,
				905993E1261EAE70001D09D8 /* Assets.xcassets */,
				905993E6261EAE70001D09D8 /* LaunchScreen.storyboard */,
				905993E9261EAE70001D09D8 /* Info.plist */,
				905993E3261EAE70001D09D8 /* Preview Content */,
			);
			path = MyHero;
			sourceTree = "<group>";
		};
		905993E3261EAE70001D09D8 /* Preview Content */ = {
			isa = PBXGroup;
			children = (
				905993E4261EAE70001D09D8 /* Preview Assets.xcassets */,
			);
			path = "Preview Content";
			sourceTree = "<group>";
		};
		905993F0261EAF5B001D09D8 /* Base */ = {
			isa = PBXGroup;
			children = (
				905993DB261EAE6D001D09D8 /* AppDelegate.swift */,
				905993DD261EAE6D001D09D8 /* SceneDelegate.swift */,
			);
			path = Base;
			sourceTree = "<group>";
		};
		905993F1261EAFAC001D09D8 /* Model */ = {
			isa = PBXGroup;
			children = (
				905993F3261EAFD4001D09D8 /* Hero.swift */,
				905993F6261EAFEF001D09D8 /* DummyHeroes.swift */,
			);
			path = Model;
			sourceTree = "<group>";
		};
		905993F2261EAFBB001D09D8 /* View */ = {
			isa = PBXGroup;
			children = (
				905993DF261EAE6D001D09D8 /* ContentView.swift */,
				90AB55A0261EB6B70077A500 /* HeroList.swift */,
				90AB55A6261EB8750077A500 /* HeroRow.swift */,
				90AB55A9261EBA7B0077A500 /* HeroDetail.swift */,
				90AB55AF261EE13D0077A500 /* About.swift */,
			);
			path = View;
			sourceTree = "<group>";
		};
/* End PBXGroup section */

/* Begin PBXNativeTarget section */
		905993D7261EAE6D001D09D8 /* MyHero */ = {
			isa = PBXNativeTarget;
			buildConfigurationList = 905993EC261EAE70001D09D8 /* Build configuration list for PBXNativeTarget "MyHero" */;
			buildPhases = (
				905993D4261EAE6D001D09D8 /* Sources */,
				905993D5261EAE6D001D09D8 /* Frameworks */,
				905993D6261EAE6D001D09D8 /* Resources */,
			);
			buildRules = (
			);
			dependencies = (
			);
			name = MyHero;
			productName = MyHero;
			productReference = 905993D8261EAE6D001D09D8 /* MyHero.app */;
			productType = "com.apple.product-type.application";
		};
/* End PBXNativeTarget section */

/* Begin PBXProject section */
		905993D0261EAE6D001D09D8 /* Project object */ = {
			isa = PBXProject;
			attributes = {
				LastSwiftUpdateCheck = 1240;
				LastUpgradeCheck = 1240;
				TargetAttributes = {
					905993D7261EAE6D001D09D8 = {
						CreatedOnToolsVersion = 12.4;
					};
				};
			};
			buildConfigurationList = 905993D3261EAE6D001D09D8 /* Build configuration list for PBXProject "MyHero" */;
			compatibilityVersion = "Xcode 9.3";
			developmentRegion = en;
			hasScannedForEncodings = 0;
			knownRegions = (
				en,
				Base,
			);
			mainGroup = 905993CF261EAE6D001D09D8;
			productRefGroup = 905993D9261EAE6D001D09D8 /* Products */;
			projectDirPath = "";
			projectRoot = "";
			targets = (
				905993D7261EAE6D001D09D8 /* MyHero */,
			);
		};
/* End PBXProject section */

/* Begin PBXResourcesBuildPhase section */
		905993D6261EAE6D001D09D8 /* Resources */ = {
			isa = PBXResourcesBuildPhase;
			buildActionMask = 2147483647;
			files = (
				905993E8261EAE70001D09D8 /* LaunchScreen.storyboard in Resources */,
				905993E5261EAE70001D09D8 /* Preview Assets.xcassets in Resources */,
				905993E2261EAE70001D09D8 /* Assets.xcassets in Resources */,
			);
			runOnlyForDeploymentPostprocessing = 0;
		};
/* End PBXResourcesBuildPhase section */

/* Begin PBXSourcesBuildPhase section */
		905993D4261EAE6D001D09D8 /* Sources */ = {
			isa = PBXSourcesBuildPhase;
			buildActionMask = 2147483647;
			files = (
				905993DC261EAE6D001D09D8 /* AppDelegate.swift in Sources */,
				905993DE261EAE6D001D09D8 /* SceneDelegate.swift in Sources */,
				90AB55A1261EB6B70077A500 /* HeroList.swift in Sources */,
				905993F7261EAFEF001D09D8 /* DummyHeroes.swift in Sources */,
				90AB55AA261EBA7B0077A500 /* HeroDetail.swift in Sources */,
				905993E0261EAE6D001D09D8 /* ContentView.swift in Sources */,
				905993F4261EAFD4001D09D8 /* Hero.swift in Sources */,
				90AB55B0261EE13D0077A500 /* About.swift in Sources */,
				90AB55A7261EB8750077A500 /* HeroRow.swift in Sources */,
			);
			runOnlyForDeploymentPostprocessing = 0;
		};
/* End PBXSourcesBuildPhase section */

/* Begin PBXVariantGroup section */
		905993E6261EAE70001D09D8 /* LaunchScreen.storyboard */ = {
			isa = PBXVariantGroup;
			children = (
				905993E7261EAE70001D09D8 /* Base */,
			);
			name = LaunchScreen.storyboard;
			sourceTree = "<group>";
		};
/* End PBXVariantGroup section */

/* Begin XCBuildConfiguration section */
		905993EA261EAE70001D09D8 /* Debug */ = {
			isa = XCBuildConfiguration;
			buildSettings = {
				ALWAYS_SEARCH_USER_PATHS = NO;
				CLANG_ANALYZER_NONNULL = YES;
				CLANG_ANALYZER_NUMBER_OBJECT_CONVERSION = YES_AGGRESSIVE;
				CLANG_CXX_LANGUAGE_STANDARD = "gnu++14";
				CLANG_CXX_LIBRARY = "libc++";
				CLANG_ENABLE_MODULES = YES;
				CLANG_ENABLE_OBJC_ARC = YES;
				CLANG_ENABLE_OBJC_WEAK = YES;
				CLANG_WARN_BLOCK_CAPTURE_AUTORELEASING = YES;
				CLANG_WARN_BOOL_CONVERSION = YES;
				CLANG_WARN_COMMA = YES;
				CLANG_WARN_CONSTANT_CONVERSION = YES;
				CLANG_WARN_DEPRECATED_OBJC_IMPLEMENTATIONS = YES;
				CLANG_WARN_DIRECT_OBJC_ISA_USAGE = YES_ERROR;
				CLANG_WARN_DOCUMENTATION_COMMENTS = YES;
				CLANG_WARN_EMPTY_BODY = YES;
				CLANG_WARN_ENUM_CONVERSION = YES;
				CLANG_WARN_INFINITE_RECURSION = YES;
				CLANG_WARN_INT_CONVERSION = YES;
				CLANG_WARN_NON_LITERAL_NULL_CONVERSION = YES;
				CLANG_WARN_OBJC_IMPLICIT_RETAIN_SELF = YES;
				CLANG_WARN_OBJC_LITERAL_CONVERSION = YES;
				CLANG_WARN_OBJC_ROOT_CLASS = YES_ERROR;
				CLANG_WARN_QUOTED_INCLUDE_IN_FRAMEWORK_HEADER = YES;
				CLANG_WARN_RANGE_LOOP_ANALYSIS = YES;
				CLANG_WARN_STRICT_PROTOTYPES = YES;
				CLANG_WARN_SUSPICIOUS_MOVE = YES;
				CLANG_WARN_UNGUARDED_AVAILABILITY = YES_AGGRESSIVE;
				CLANG_WARN_UNREACHABLE_CODE = YES;
				CLANG_WARN__DUPLICATE_METHOD_MATCH = YES;
				COPY_PHASE_STRIP = NO;
				DEBUG_INFORMATION_FORMAT = dwarf;
				ENABLE_STRICT_OBJC_MSGSEND = YES;
				ENABLE_TESTABILITY = YES;
				GCC_C_LANGUAGE_STANDARD = gnu11;
				GCC_DYNAMIC_NO_PIC = NO;
				GCC_NO_COMMON_BLOCKS = YES;
				GCC_OPTIMIZATION_LEVEL = 0;
				GCC_PREPROCESSOR_DEFINITIONS = (
					"DEBUG=1",
					"$(inherited)",
				);
				GCC_WARN_64_TO_32_BIT_CONVERSION = YES;
				GCC_WARN_ABOUT_RETURN_TYPE = YES_ERROR;
				GCC_WARN_UNDECLARED_SELECTOR = YES;
				GCC_WARN_UNINITIALIZED_AUTOS = YES_AGGRESSIVE;
				GCC_WARN_UNUSED_FUNCTION = YES;
				GCC_WARN_UNUSED_VARIABLE = YES;
				IPHONEOS_DEPLOYMENT_TARGET = 14.4;
				MTL_ENABLE_DEBUG_INFO = INCLUDE_SOURCE;
				MTL_FAST_MATH = YES;
				ONLY_ACTIVE_ARCH = YES;
				SDKROOT = iphoneos;
				SWIFT_ACTIVE_COMPILATION_CONDITIONS = DEBUG;
				SWIFT_OPTIMIZATION_LEVEL = "-Onone";
			};
			name = Debug;
		};
		905993EB261EAE70001D09D8 /* Release */ = {
			isa = XCBuildConfiguration;
			buildSettings = {
				ALWAYS_SEARCH_USER_PATHS = NO;
				CLANG_ANALYZER_NONNULL = YES;
				CLANG_ANALYZER_NUMBER_OBJECT_CONVERSION = YES_AGGRESSIVE;
				CLANG_CXX_LANGUAGE_STANDARD = "gnu++14";
				CLANG_CXX_LIBRARY = "libc++";
				CLANG_ENABLE_MODULES = YES;
				CLANG_ENABLE_OBJC_ARC = YES;
				CLANG_ENABLE_OBJC_WEAK = YES;
				CLANG_WARN_BLOCK_CAPTURE_AUTORELEASING = YES;
				CLANG_WARN_BOOL_CONVERSION = YES;
				CLANG_WARN_COMMA = YES;
				CLANG_WARN_CONSTANT_CONVERSION = YES;
				CLANG_WARN_DEPRECATED_OBJC_IMPLEMENTATIONS = YES;
				CLANG_WARN_DIRECT_OBJC_ISA_USAGE = YES_ERROR;
				CLANG_WARN_DOCUMENTATION_COMMENTS = YES;
				CLANG_WARN_EMPTY_BODY = YES;
				CLANG_WARN_ENUM_CONVERSION = YES;
				CLANG_WARN_INFINITE_RECURSION = YES;
				CLANG_WARN_INT_CONVERSION = YES;
				CLANG_WARN_NON_LITERAL_NULL_CONVERSION = YES;
				CLANG_WARN_OBJC_IMPLICIT_RETAIN_SELF = YES;
				CLANG_WARN_OBJC_LITERAL_CONVERSION = YES;
				CLANG_WARN_OBJC_ROOT_CLASS = YES_ERROR;
				CLANG_WARN_QUOTED_INCLUDE_IN_FRAMEWORK_HEADER = YES;
				CLANG_WARN_RANGE_LOOP_ANALYSIS = YES;
				CLANG_WARN_STRICT_PROTOTYPES = YES;
				CLANG_WARN_SUSPICIOUS_MOVE = YES;
				CLANG_WARN_UNGUARDED_AVAILABILITY = YES_AGGRESSIVE;
				CLANG_WARN_UNREACHABLE_CODE = YES;
				CLANG_WARN__DUPLICATE_METHOD_MATCH = YES;
				COPY_PHASE_STRIP = NO;
				DEBUG_INFORMATION_FORMAT = "dwarf-with-dsym";
				ENABLE_NS_ASSERTIONS = NO;
				ENABLE_STRICT_OBJC_MSGSEND = YES;
				GCC_C_LANGUAGE_STANDARD = gnu11;
				GCC_NO_COMMON_BLOCKS = YES;
				GCC_WARN_64_TO_32_BIT_CONVERSION = YES;
				GCC_WARN_ABOUT_RETURN_TYPE = YES_ERROR;
				GCC_WARN_UNDECLARED_SELECTOR = YES;
				GCC_WARN_UNINITIALIZED_AUTOS = YES_AGGRESSIVE;
				GCC_WARN_UNUSED_FUNCTION = YES;
				GCC_WARN_UNUSED_VARIABLE = YES;
				IPHONEOS_DEPLOYMENT_TARGET = 14.4;
				MTL_ENABLE_DEBUG_INFO = NO;
				MTL_FAST_MATH = YES;
				SDKROOT = iphoneos;
				SWIFT_COMPILATION_MODE = wholemodule;
				SWIFT_OPTIMIZATION_LEVEL = "-O";
				VALIDATE_PRODUCT = YES;
			};
			name = Release;
		};
		905993ED261EAE70001D09D8 /* Debug */ = {
			isa = XCBuildConfiguration;
			buildSettings = {
				ASSETCATALOG_COMPILER_APPICON_NAME = AppIcon;
				ASSETCATALOG_COMPILER_GLOBAL_ACCENT_COLOR_NAME = AccentColor;
				CODE_SIGN_STYLE = Automatic;
				DEVELOPMENT_ASSET_PATHS = "\"MyHero/Preview Content\"";
				DEVELOPMENT_TEAM = 277AX7YZ94;
				ENABLE_PREVIEWS = YES;
				INFOPLIST_FILE = MyHero/Info.plist;
				LD_RUNPATH_SEARCH_PATHS = (
					"$(inherited)",
					"@executable_path/Frameworks",
				);
				PRODUCT_BUNDLE_IDENTIFIER = com.dimas.MyHero;
				PRODUCT_NAME = "$(TARGET_NAME)";
				SWIFT_VERSION = 5.0;
				TARGETED_DEVICE_FAMILY = "1,2";
			};
			name = Debug;
		};
		905993EE261EAE70001D09D8 /* Release */ = {
			isa = XCBuildConfiguration;
			buildSettings = {
				ASSETCATALOG_COMPILER_APPICON_NAME = AppIcon;
				ASSETCATALOG_COMPILER_GLOBAL_ACCENT_COLOR_NAME = AccentColor;
				CODE_SIGN_STYLE = Automatic;
				DEVELOPMENT_ASSET_PATHS = "\"MyHero/Preview Content\"";
				DEVELOPMENT_TEAM = 277AX7YZ94;
				ENABLE_PREVIEWS = YES;
				INFOPLIST_FILE = MyHero/Info.plist;
				LD_RUNPATH_SEARCH_PATHS = (
					"$(inherited)",
					"@executable_path/Frameworks",
				);
				PRODUCT_BUNDLE_IDENTIFIER = com.dimas.MyHero;
				PRODUCT_NAME = "$(TARGET_NAME)";
				SWIFT_VERSION = 5.0;
				TARGETED_DEVICE_FAMILY = "1,2";
			};
			name = Release;
		};
/* End XCBuildConfiguration section */

/* Begin XCConfigurationList section */
		905993D3261EAE6D001D09D8 /* Build configuration list for PBXProject "MyHero" */ = {
			isa = XCConfigurationList;
			buildConfigurations = (
				905993EA261EAE70001D09D8 /* Debug */,
				905993EB261EAE70001D09D8 /* Release */,
			);
			defaultConfigurationIsVisible = 0;
			defaultConfigurationName = Release;
		};
		905993EC261EAE70001D09D8 /* Build configuration list for PBXNativeTarget "MyHero" */ = {
			isa = XCConfigurationList;
			buildConfigurations = (
				905993ED261EAE70001D09D8 /* Debug */,
				905993EE261EAE70001D09D8 /* Release */,
			);
			defaultConfigurationIsVisible = 0;
			defaultConfigurationName = Release;
		};
/* End XCConfigurationList section */
	};
	rootObject = 905993D0261EAE6D001D09D8 /* Project object */;
}
